{
  "nodes": {
    "nixpkgs": {
      "locked": {
        "lastModified": 1735402525,
        "narHash": "sha256-0RzBF9sKEjHo7Sinrs8wFktrUNc90ziOI48RLtZTW6U=",
        "owner": "NixOS",
        "repo": "nixpkgs",
        "rev": "0429fa5b552a5c182e23d0e14de644db867961e4",
        "type": "github"
      },
      "original": {
        "owner": "NixOS",
        "repo": "nixpkgs",
        "type": "github"
      }
    },
    "root": {
      "inputs": {
        "nixpkgs": "nixpkgs",
        "rust-overlay": "rust-overlay",
        "y-util": "y-util"
      }
    },
    "rust-overlay": {
      "inputs": {
        "nixpkgs": [
          "nixpkgs"
        ]
      },
      "locked": {
        "lastModified": 1735352767,
        "narHash": "sha256-3zXufMRWUdwmp8/BTmxVW/k4MyqsPjLnnt/IlQyZvhc=",
        "owner": "oxalica",
        "repo": "rust-overlay",
        "rev": "a16b9a7cac7f4d39a84234d62e91890370c57d76",
        "type": "github"
      },
      "original": {
        "owner": "oxalica",
        "repo": "rust-overlay",
        "type": "github"
      }
    },
    "y-util": {
      "inputs": {
        "nixpkgs": [
          "nixpkgs"
        ]
      },
      "locked": {
        "lastModified": 1735407409,
        "narHash": "sha256-nMOMdfjx6+x1eF++d3M4h504tgghAAEagPmNmxCaNCo=",
        "owner": "yukkop",
        "repo": "y.util.nix",
        "rev": "f5ac429c7718e09b8bee888909fc48ac0281c0aa",
        "type": "github"
      },
      "original": {
        "owner": "yukkop",
        "repo": "y.util.nix",
        "type": "github"
      }
    }
  },
  "root": "root",
  "version": 7
}
